// !$*UTF8*$!
{
	archiveVersion = 1;
	classes = {
	};
	objectVersion = 50;
	objects = {

/* Begin PBXBuildFile section */
		9C89C34420C1B05F00FCD9DA /* main.swift in Sources */ = {isa = PBXBuildFile; fileRef = 9C89C34320C1B05F00FCD9DA /* main.swift */; };
		9C89C34E20C1B29600FCD9DA /* User.swift in Sources */ = {isa = PBXBuildFile; fileRef = 9C89C34D20C1B29600FCD9DA /* User.swift */; };
		9C89C35020C1B5FD00FCD9DA /* Repository.swift in Sources */ = {isa = PBXBuildFile; fileRef = 9C89C34F20C1B5FD00FCD9DA /* Repository.swift */; };
		9C89C35220C21D8D00FCD9DA /* JSONDecodeError.swift in Sources */ = {isa = PBXBuildFile; fileRef = 9C89C35120C21D8D00FCD9DA /* JSONDecodeError.swift */; };
		9C89C35420C21F8000FCD9DA /* JSONDecodable.swift in Sources */ = {isa = PBXBuildFile; fileRef = 9C89C35320C21F8000FCD9DA /* JSONDecodable.swift */; };
		9C89C35620C224B500FCD9DA /* SearchResponse.swift in Sources */ = {isa = PBXBuildFile; fileRef = 9C89C35520C224B500FCD9DA /* SearchResponse.swift */; };
		9C89C35820C2286D00FCD9DA /* GitHubVlientError.swift in Sources */ = {isa = PBXBuildFile; fileRef = 9C89C35720C2286D00FCD9DA /* GitHubVlientError.swift */; };
		9C89C35A20C2295900FCD9DA /* GitHubAPIError.swift in Sources */ = {isa = PBXBuildFile; fileRef = 9C89C35920C2295900FCD9DA /* GitHubAPIError.swift */; };
		9C89C35C20C231A000FCD9DA /* GitHubRequest.swift in Sources */ = {isa = PBXBuildFile; fileRef = 9C89C35B20C231A000FCD9DA /* GitHubRequest.swift */; };
		9C89C35E20C2328800FCD9DA /* HTTPMethod.swift in Sources */ = {isa = PBXBuildFile; fileRef = 9C89C35D20C2328800FCD9DA /* HTTPMethod.swift */; };
		9C89C36020C2350B00FCD9DA /* GitHubAPI.swift in Sources */ = {isa = PBXBuildFile; fileRef = 9C89C35F20C2350B00FCD9DA /* GitHubAPI.swift */; };
		9C89C36220C24BE900FCD9DA /* GitHubClient.swift in Sources */ = {isa = PBXBuildFile; fileRef = 9C89C36120C24BE900FCD9DA /* GitHubClient.swift */; };
/* End PBXBuildFile section */

/* Begin PBXCopyFilesBuildPhase section */
		9C89C33E20C1B05F00FCD9DA /* CopyFiles */ = {
			isa = PBXCopyFilesBuildPhase;
			buildActionMask = 2147483647;
			dstPath = /usr/share/man/man1/;
			dstSubfolderSpec = 0;
			files = (
			);
			runOnlyForDeploymentPostprocessing = 1;
		};
/* End PBXCopyFilesBuildPhase section */

/* Begin PBXFileReference section */
		9C89C34020C1B05F00FCD9DA /* GitHubSearchRepository */ = {isa = PBXFileReference; explicitFileType = "compiled.mach-o.executable"; includeInIndex = 0; path = GitHubSearchRepository; sourceTree = BUILT_PRODUCTS_DIR; };
		9C89C34320C1B05F00FCD9DA /* main.swift */ = {isa = PBXFileReference; lastKnownFileType = sourcecode.swift; path = main.swift; sourceTree = "<group>"; };
		9C89C34D20C1B29600FCD9DA /* User.swift */ = {isa = PBXFileReference; lastKnownFileType = sourcecode.swift; path = User.swift; sourceTree = "<group>"; };
		9C89C34F20C1B5FD00FCD9DA /* Repository.swift */ = {isa = PBXFileReference; lastKnownFileType = sourcecode.swift; path = Repository.swift; sourceTree = "<group>"; };
		9C89C35120C21D8D00FCD9DA /* JSONDecodeError.swift */ = {isa = PBXFileReference; lastKnownFileType = sourcecode.swift; path = JSONDecodeError.swift; sourceTree = "<group>"; };
		9C89C35320C21F8000FCD9DA /* JSONDecodable.swift */ = {isa = PBXFileReference; lastKnownFileType = sourcecode.swift; path = JSONDecodable.swift; sourceTree = "<group>"; };
		9C89C35520C224B500FCD9DA /* SearchResponse.swift */ = {isa = PBXFileReference; lastKnownFileType = sourcecode.swift; path = SearchResponse.swift; sourceTree = "<group>"; };
		9C89C35720C2286D00FCD9DA /* GitHubVlientError.swift */ = {isa = PBXFileReference; lastKnownFileType = sourcecode.swift; path = GitHubVlientError.swift; sourceTree = "<group>"; };
		9C89C35920C2295900FCD9DA /* GitHubAPIError.swift */ = {isa = PBXFileReference; lastKnownFileType = sourcecode.swift; path = GitHubAPIError.swift; sourceTree = "<group>"; };
		9C89C35B20C231A000FCD9DA /* GitHubRequest.swift */ = {isa = PBXFileReference; lastKnownFileType = sourcecode.swift; path = GitHubRequest.swift; sourceTree = "<group>"; };
		9C89C35D20C2328800FCD9DA /* HTTPMethod.swift */ = {isa = PBXFileReference; lastKnownFileType = sourcecode.swift; path = HTTPMethod.swift; sourceTree = "<group>"; };
		9C89C35F20C2350B00FCD9DA /* GitHubAPI.swift */ = {isa = PBXFileReference; lastKnownFileType = sourcecode.swift; path = GitHubAPI.swift; sourceTree = "<group>"; };
		9C89C36120C24BE900FCD9DA /* GitHubClient.swift */ = {isa = PBXFileReference; lastKnownFileType = sourcecode.swift; path = GitHubClient.swift; sourceTree = "<group>"; };
/* End PBXFileReference section */

/* Begin PBXFrameworksBuildPhase section */
		9C89C33D20C1B05F00FCD9DA /* Frameworks */ = {
			isa = PBXFrameworksBuildPhase;
			buildActionMask = 2147483647;
			files = (
			);
			runOnlyForDeploymentPostprocessing = 0;
		};
/* End PBXFrameworksBuildPhase section */

/* Begin PBXGroup section */
		9C89C33720C1B05F00FCD9DA = {
			isa = PBXGroup;
			children = (
				9C89C34220C1B05F00FCD9DA /* GitHubSearchRepository */,
				9C89C34120C1B05F00FCD9DA /* Products */,
			);
			sourceTree = "<group>";
		};
		9C89C34120C1B05F00FCD9DA /* Products */ = {
			isa = PBXGroup;
			children = (
				9C89C34020C1B05F00FCD9DA /* GitHubSearchRepository */,
			);
			name = Products;
			sourceTree = "<group>";
		};
		9C89C34220C1B05F00FCD9DA /* GitHubSearchRepository */ = {
			isa = PBXGroup;
			children = (
				9C89C34C20C1B0DC00FCD9DA /* Error */,
				9C89C34B20C1B0C500FCD9DA /* Response */,
				9C89C34A20C1B0B500FCD9DA /* Request */,
				9C89C34320C1B05F00FCD9DA /* main.swift */,
				9C89C36120C24BE900FCD9DA /* GitHubClient.swift */,
			);
			path = GitHubSearchRepository;
			sourceTree = "<group>";
		};
		9C89C34A20C1B0B500FCD9DA /* Request */ = {
			isa = PBXGroup;
			children = (
				9C89C35B20C231A000FCD9DA /* GitHubRequest.swift */,
				9C89C35D20C2328800FCD9DA /* HTTPMethod.swift */,
				9C89C35F20C2350B00FCD9DA /* GitHubAPI.swift */,
			);
			path = Request;
			sourceTree = "<group>";
		};
		9C89C34B20C1B0C500FCD9DA /* Response */ = {
			isa = PBXGroup;
			children = (
				9C89C34D20C1B29600FCD9DA /* User.swift */,
				9C89C34F20C1B5FD00FCD9DA /* Repository.swift */,
				9C89C35120C21D8D00FCD9DA /* JSONDecodeError.swift */,
				9C89C35320C21F8000FCD9DA /* JSONDecodable.swift */,
				9C89C35520C224B500FCD9DA /* SearchResponse.swift */,
			);
			path = Response;
			sourceTree = "<group>";
		};
		9C89C34C20C1B0DC00FCD9DA /* Error */ = {
			isa = PBXGroup;
			children = (
				9C89C35720C2286D00FCD9DA /* GitHubVlientError.swift */,
				9C89C35920C2295900FCD9DA /* GitHubAPIError.swift */,
			);
			path = Error;
			sourceTree = "<group>";
		};
/* End PBXGroup section */

/* Begin PBXNativeTarget section */
		9C89C33F20C1B05F00FCD9DA /* GitHubSearchRepository */ = {
			isa = PBXNativeTarget;
			buildConfigurationList = 9C89C34720C1B05F00FCD9DA /* Build configuration list for PBXNativeTarget "GitHubSearchRepository" */;
			buildPhases = (
				9C89C33C20C1B05F00FCD9DA /* Sources */,
				9C89C33D20C1B05F00FCD9DA /* Frameworks */,
				9C89C33E20C1B05F00FCD9DA /* CopyFiles */,
			);
			buildRules = (
			);
			dependencies = (
			);
			name = GitHubSearchRepository;
			productName = GitHubSearchRepository;
			productReference = 9C89C34020C1B05F00FCD9DA /* GitHubSearchRepository */;
			productType = "com.apple.product-type.tool";
		};
/* End PBXNativeTarget section */

/* Begin PBXProject section */
		9C89C33820C1B05F00FCD9DA /* Project object */ = {
			isa = PBXProject;
			attributes = {
				LastSwiftUpdateCheck = 0930;
				LastUpgradeCheck = 0930;
				ORGANIZATIONNAME = "中川万莉奈";
				TargetAttributes = {
					9C89C33F20C1B05F00FCD9DA = {
						CreatedOnToolsVersion = 9.3;
					};
				};
			};
			buildConfigurationList = 9C89C33B20C1B05F00FCD9DA /* Build configuration list for PBXProject "GitHubSearchRepository" */;
			compatibilityVersion = "Xcode 9.3";
			developmentRegion = en;
			hasScannedForEncodings = 0;
			knownRegions = (
				en,
			);
			mainGroup = 9C89C33720C1B05F00FCD9DA;
			productRefGroup = 9C89C34120C1B05F00FCD9DA /* Products */;
			projectDirPath = "";
			projectRoot = "";
			targets = (
				9C89C33F20C1B05F00FCD9DA /* GitHubSearchRepository */,
			);
		};
/* End PBXProject section */

/* Begin PBXSourcesBuildPhase section */
		9C89C33C20C1B05F00FCD9DA /* Sources */ = {
			isa = PBXSourcesBuildPhase;
			buildActionMask = 2147483647;
			files = (
				9C89C35220C21D8D00FCD9DA /* JSONDecodeError.swift in Sources */,
				9C89C35420C21F8000FCD9DA /* JSONDecodable.swift in Sources */,
				9C89C35620C224B500FCD9DA /* SearchResponse.swift in Sources */,
				9C89C36220C24BE900FCD9DA /* GitHubClient.swift in Sources */,
				9C89C34E20C1B29600FCD9DA /* User.swift in Sources */,
				9C89C34420C1B05F00FCD9DA /* main.swift in Sources */,
				9C89C35820C2286D00FCD9DA /* GitHubVlientError.swift in Sources */,
				9C89C35A20C2295900FCD9DA /* GitHubAPIError.swift in Sources */,
				9C89C35C20C231A000FCD9DA /* GitHubRequest.swift in Sources */,
				9C89C35E20C2328800FCD9DA /* HTTPMethod.swift in Sources */,
				9C89C36020C2350B00FCD9DA /* GitHubAPI.swift in Sources */,
				9C89C35020C1B5FD00FCD9DA /* Repository.swift in Sources */,
			);
			runOnlyForDeploymentPostprocessing = 0;
		};
/* End PBXSourcesBuildPhase section */

/* Begin XCBuildConfiguration section */
		9C89C34520C1B05F00FCD9DA /* Debug */ = {
			isa = XCBuildConfiguration;
			buildSettings = {
				ALWAYS_SEARCH_USER_PATHS = NO;
				CLANG_ANALYZER_NONNULL = YES;
				CLANG_ANALYZER_NUMBER_OBJECT_CONVERSION = YES_AGGRESSIVE;
				CLANG_CXX_LANGUAGE_STANDARD = "gnu++14";
				CLANG_CXX_LIBRARY = "libc++";
				CLANG_ENABLE_MODULES = YES;
				CLANG_ENABLE_OBJC_ARC = YES;
				CLANG_ENABLE_OBJC_WEAK = YES;
				CLANG_WARN_BLOCK_CAPTURE_AUTORELEASING = YES;
				CLANG_WARN_BOOL_CONVERSION = YES;
				CLANG_WARN_COMMA = YES;
				CLANG_WARN_CONSTANT_CONVERSION = YES;
				CLANG_WARN_DEPRECATED_OBJC_IMPLEMENTATIONS = YES;
				CLANG_WARN_DIRECT_OBJC_ISA_USAGE = YES_ERROR;
				CLANG_WARN_DOCUMENTATION_COMMENTS = YES;
				CLANG_WARN_EMPTY_BODY = YES;
				CLANG_WARN_ENUM_CONVERSION = YES;
				CLANG_WARN_INFINITE_RECURSION = YES;
				CLANG_WARN_INT_CONVERSION = YES;
				CLANG_WARN_NON_LITERAL_NULL_CONVERSION = YES;
				CLANG_WARN_OBJC_IMPLICIT_RETAIN_SELF = YES;
				CLANG_WARN_OBJC_LITERAL_CONVERSION = YES;
				CLANG_WARN_OBJC_ROOT_CLASS = YES_ERROR;
				CLANG_WARN_RANGE_LOOP_ANALYSIS = YES;
				CLANG_WARN_STRICT_PROTOTYPES = YES;
				CLANG_WARN_SUSPICIOUS_MOVE = YES;
				CLANG_WARN_UNGUARDED_AVAILABILITY = YES_AGGRESSIVE;
				CLANG_WARN_UNREACHABLE_CODE = YES;
				CLANG_WARN__DUPLICATE_METHOD_MATCH = YES;
				CODE_SIGN_IDENTITY = "Mac Developer";
				COPY_PHASE_STRIP = NO;
				DEBUG_INFORMATION_FORMAT = dwarf;
				ENABLE_STRICT_OBJC_MSGSEND = YES;
				ENABLE_TESTABILITY = YES;
				GCC_C_LANGUAGE_STANDARD = gnu11;
				GCC_DYNAMIC_NO_PIC = NO;
				GCC_NO_COMMON_BLOCKS = YES;
				GCC_OPTIMIZATION_LEVEL = 0;
				GCC_PREPROCESSOR_DEFINITIONS = (
					"DEBUG=1",
					"$(inherited)",
				);
				GCC_WARN_64_TO_32_BIT_CONVERSION = YES;
				GCC_WARN_ABOUT_RETURN_TYPE = YES_ERROR;
				GCC_WARN_UNDECLARED_SELECTOR = YES;
				GCC_WARN_UNINITIALIZED_AUTOS = YES_AGGRESSIVE;
				GCC_WARN_UNUSED_FUNCTION = YES;
				GCC_WARN_UNUSED_VARIABLE = YES;
				MACOSX_DEPLOYMENT_TARGET = 10.13;
				MTL_ENABLE_DEBUG_INFO = YES;
				ONLY_ACTIVE_ARCH = YES;
				SDKROOT = macosx;
				SWIFT_ACTIVE_COMPILATION_CONDITIONS = DEBUG;
				SWIFT_OPTIMIZATION_LEVEL = "-Onone";
			};
			name = Debug;
		};
		9C89C34620C1B05F00FCD9DA /* Release */ = {
			isa = XCBuildConfiguration;
			buildSettings = {
				ALWAYS_SEARCH_USER_PATHS = NO;
				CLANG_ANALYZER_NONNULL = YES;
				CLANG_ANALYZER_NUMBER_OBJECT_CONVERSION = YES_AGGRESSIVE;
				CLANG_CXX_LANGUAGE_STANDARD = "gnu++14";
				CLANG_CXX_LIBRARY = "libc++";
				CLANG_ENABLE_MODULES = YES;
				CLANG_ENABLE_OBJC_ARC = YES;
				CLANG_ENABLE_OBJC_WEAK = YES;
				CLANG_WARN_BLOCK_CAPTURE_AUTORELEASING = YES;
				CLANG_WARN_BOOL_CONVERSION = YES;
				CLANG_WARN_COMMA = YES;
				CLANG_WARN_CONSTANT_CONVERSION = YES;
				CLANG_WARN_DEPRECATED_OBJC_IMPLEMENTATIONS = YES;
				CLANG_WARN_DIRECT_OBJC_ISA_USAGE = YES_ERROR;
				CLANG_WARN_DOCUMENTATION_COMMENTS = YES;
				CLANG_WARN_EMPTY_BODY = YES;
				CLANG_WARN_ENUM_CONVERSION = YES;
				CLANG_WARN_INFINITE_RECURSION = YES;
				CLANG_WARN_INT_CONVERSION = YES;
				CLANG_WARN_NON_LITERAL_NULL_CONVERSION = YES;
				CLANG_WARN_OBJC_IMPLICIT_RETAIN_SELF = YES;
				CLANG_WARN_OBJC_LITERAL_CONVERSION = YES;
				CLANG_WARN_OBJC_ROOT_CLASS = YES_ERROR;
				CLANG_WARN_RANGE_LOOP_ANALYSIS = YES;
				CLANG_WARN_STRICT_PROTOTYPES = YES;
				CLANG_WARN_SUSPICIOUS_MOVE = YES;
				CLANG_WARN_UNGUARDED_AVAILABILITY = YES_AGGRESSIVE;
				CLANG_WARN_UNREACHABLE_CODE = YES;
				CLANG_WARN__DUPLICATE_METHOD_MATCH = YES;
				CODE_SIGN_IDENTITY = "Mac Developer";
				COPY_PHASE_STRIP = NO;
				DEBUG_INFORMATION_FORMAT = "dwarf-with-dsym";
				ENABLE_NS_ASSERTIONS = NO;
				ENABLE_STRICT_OBJC_MSGSEND = YES;
				GCC_C_LANGUAGE_STANDARD = gnu11;
				GCC_NO_COMMON_BLOCKS = YES;
				GCC_WARN_64_TO_32_BIT_CONVERSION = YES;
				GCC_WARN_ABOUT_RETURN_TYPE = YES_ERROR;
				GCC_WARN_UNDECLARED_SELECTOR = YES;
				GCC_WARN_UNINITIALIZED_AUTOS = YES_AGGRESSIVE;
				GCC_WARN_UNUSED_FUNCTION = YES;
				GCC_WARN_UNUSED_VARIABLE = YES;
				MACOSX_DEPLOYMENT_TARGET = 10.13;
				MTL_ENABLE_DEBUG_INFO = NO;
				SDKROOT = macosx;
				SWIFT_COMPILATION_MODE = wholemodule;
				SWIFT_OPTIMIZATION_LEVEL = "-O";
			};
			name = Release;
		};
		9C89C34820C1B05F00FCD9DA /* Debug */ = {
			isa = XCBuildConfiguration;
			buildSettings = {
				CODE_SIGN_STYLE = Automatic;
				DEVELOPMENT_TEAM = 78Q29B3V8M;
				PRODUCT_NAME = "$(TARGET_NAME)";
				SWIFT_VERSION = 4.0;
			};
			name = Debug;
		};
		9C89C34920C1B05F00FCD9DA /* Release */ = {
			isa = XCBuildConfiguration;
			buildSettings = {
				CODE_SIGN_STYLE = Automatic;
				DEVELOPMENT_TEAM = 78Q29B3V8M;
				PRODUCT_NAME = "$(TARGET_NAME)";
				SWIFT_VERSION = 4.0;
			};
			name = Release;
		};
/* End XCBuildConfiguration section */

/* Begin XCConfigurationList section */
		9C89C33B20C1B05F00FCD9DA /* Build configuration list for PBXProject "GitHubSearchRepository" */ = {
			isa = XCConfigurationList;
			buildConfigurations = (
				9C89C34520C1B05F00FCD9DA /* Debug */,
				9C89C34620C1B05F00FCD9DA /* Release */,
			);
			defaultConfigurationIsVisible = 0;
			defaultConfigurationName = Release;
		};
		9C89C34720C1B05F00FCD9DA /* Build configuration list for PBXNativeTarget "GitHubSearchRepository" */ = {
			isa = XCConfigurationList;
			buildConfigurations = (
				9C89C34820C1B05F00FCD9DA /* Debug */,
				9C89C34920C1B05F00FCD9DA /* Release */,
			);
			defaultConfigurationIsVisible = 0;
			defaultConfigurationName = Release;
		};
/* End XCConfigurationList section */
	};
	rootObject = 9C89C33820C1B05F00FCD9DA /* Project object */;
}
